{
  "name": "wpdown",
  "version": "0.0.1",
  "lockfileVersion": 1,
  "requires": true,
  "dependencies": {
    "@types/estree": {
      "version": "0.0.39",
      "resolved": "https://registry.npmjs.org/@types/estree/-/estree-0.0.39.tgz",
      "integrity": "sha512-EYNwp3bU+98cpU4lAWYYL7Zz+2gryWH1qbdDTidVd6hkiR6weksdbMadyXKXNPEkQFhXM+hVO9ZygomHXp+AIw==",
      "dev": true
    },
    "@types/node": {
      "version": "10.1.1",
      "resolved": "https://registry.npmjs.org/@types/node/-/node-10.1.1.tgz",
      "integrity": "sha512-n7wxy8r2tjVcrzZoKJlyZmi1C1VhXGHAGhDEO1iqp7fbsTSsDF3dVA50KFsPg77EXqzNJqbzcna8Mi4m7a1lyw==",
      "dev": true
    },
    "rollup": {
      "version": "0.59.1",
      "resolved": "https://registry.npmjs.org/rollup/-/rollup-0.59.1.tgz",
      "integrity": "sha512-Zozx6Vq1ieUpl53mi8N7nvJD7yl4Kf4QUiuIjN/e8Fj54HxBmIeRDX1IawDO82N7NWKo4KaKoL3JOfXTtO9C2Q==",
      "dev": true,
      "requires": {
        "@types/estree": "0.0.39",
        "@types/node": "*"
      }
    }
  }
}
